
Microsoft Visual Studio Solution File, Format Version 12.00
# Visual Studio 2015
Project("{FAE04EC0-301F-11D3-BF4B-00C04F79EFBC}") = "wordsinblack", "wordsinblack.csproj", "{A6AD7208-691F-1DAB-401A-6CCB6DF7E412}"
EndProject
Project("{FAE04EC0-301F-11D3-BF4B-00C04F79EFBC}") = "wordsinblack.Editor", "wordsinblack.Editor.csproj", "{452D01AE-19FE-701E-D213-12A6B1263A46}"
EndProject
Global
	GlobalSection(SolutionConfigurationPlatforms) = preSolution
		Debug|Any CPU = Debug|Any CPU
		Release|Any CPU = Release|Any CPU
	EndGlobalSection
	GlobalSection(ProjectConfigurationPlatforms) = postSolution
		{A6AD7208-691F-1DAB-401A-6CCB6DF7E412}.Debug|Any CPU.ActiveCfg = Debug|Any CPU
		{A6AD7208-691F-1DAB-401A-6CCB6DF7E412}.Debug|Any CPU.Build.0 = Debug|Any CPU
		{A6AD7208-691F-1DAB-401A-6CCB6DF7E412}.Release|Any CPU.ActiveCfg = Release|Any CPU
		{A6AD7208-691F-1DAB-401A-6CCB6DF7E412}.Release|Any CPU.Build.0 = Release|Any CPU
		{452D01AE-19FE-701E-D213-12A6B1263A46}.Debug|Any CPU.ActiveCfg = Debug|Any CPU
		{452D01AE-19FE-701E-D213-12A6B1263A46}.Debug|Any CPU.Build.0 = Debug|Any CPU
		{452D01AE-19FE-701E-D213-12A6B1263A46}.Release|Any CPU.ActiveCfg = Release|Any CPU
		{452D01AE-19FE-701E-D213-12A6B1263A46}.Release|Any CPU.Build.0 = Release|Any CPU
	EndGlobalSection
	GlobalSection(SolutionProperties) = preSolution
		HideSolutionNode = FALSE
	EndGlobalSection
EndGlobal
